// !$*UTF8*$!
{
	archiveVersion = 1;
	classes = {
	};
	objectVersion = 46;
	objects = {

/* Begin PBXBuildFile section */
		35EAA03F88A698E7C42E3F1F /* libPods-Waterflow.a in Frameworks */ = {isa = PBXBuildFile; fileRef = 7DCED8D52CF4ED7EC42715B0 /* libPods-Waterflow.a */; };
		865D3FDB1D2CF1A800A9CE46 /* main.m in Sources */ = {isa = PBXBuildFile; fileRef = 865D3FDA1D2CF1A800A9CE46 /* main.m */; };
		865D3FE61D2CF1A800A9CE46 /* Assets.xcassets in Resources */ = {isa = PBXBuildFile; fileRef = 865D3FE51D2CF1A800A9CE46 /* Assets.xcassets */; };
		865D3FE91D2CF1A800A9CE46 /* LaunchScreen.storyboard in Resources */ = {isa = PBXBuildFile; fileRef = 865D3FE71D2CF1A800A9CE46 /* LaunchScreen.storyboard */; };
		865D40B71D2CF2E300A9CE46 /* Main.storyboard in Resources */ = {isa = PBXBuildFile; fileRef = 865D40B21D2CF2E300A9CE46 /* Main.storyboard */; };
		865D40B81D2CF2E300A9CE46 /* QIQAppDelegate.m in Sources */ = {isa = PBXBuildFile; fileRef = 865D40B41D2CF2E300A9CE46 /* QIQAppDelegate.m */; };
		865D40B91D2CF2E300A9CE46 /* QIQShopsViewController.m in Sources */ = {isa = PBXBuildFile; fileRef = 865D40B61D2CF2E300A9CE46 /* QIQShopsViewController.m */; };
		865D40BD1D2CF3F700A9CE46 /* 1.plist in Resources */ = {isa = PBXBuildFile; fileRef = 865D40BA1D2CF3F700A9CE46 /* 1.plist */; };
		865D40BE1D2CF3F700A9CE46 /* 2.plist in Resources */ = {isa = PBXBuildFile; fileRef = 865D40BB1D2CF3F700A9CE46 /* 2.plist */; };
		865D40BF1D2CF3F700A9CE46 /* 3.plist in Resources */ = {isa = PBXBuildFile; fileRef = 865D40BC1D2CF3F700A9CE46 /* 3.plist */; };
		865D40C21D2CF4E800A9CE46 /* QIQShop.m in Sources */ = {isa = PBXBuildFile; fileRef = 865D40C11D2CF4E800A9CE46 /* QIQShop.m */; };
		865D40C51D2CF56400A9CE46 /* QIQShopCell.m in Sources */ = {isa = PBXBuildFile; fileRef = 865D40C41D2CF56400A9CE46 /* QIQShopCell.m */; };
		86792A841D2D41EF007955F5 /* README.md in Sources */ = {isa = PBXBuildFile; fileRef = 86792A831D2D41EF007955F5 /* README.md */; };
		86792A931D2D577A007955F5 /* QIQWaterflowView.m in Sources */ = {isa = PBXBuildFile; fileRef = 86792A901D2D577A007955F5 /* QIQWaterflowView.m */; };
		86792A941D2D577A007955F5 /* QIQWaterflowViewCell.m in Sources */ = {isa = PBXBuildFile; fileRef = 86792A921D2D577A007955F5 /* QIQWaterflowViewCell.m */; };
/* End PBXBuildFile section */

/* Begin PBXContainerItemProxy section */
		865D3FF01D2CF1A800A9CE46 /* PBXContainerItemProxy */ = {
			isa = PBXContainerItemProxy;
			containerPortal = 865D3FCE1D2CF1A800A9CE46 /* Project object */;
			proxyType = 1;
			remoteGlobalIDString = 865D3FD51D2CF1A800A9CE46;
			remoteInfo = Waterflow;
		};
		865D3FFB1D2CF1A800A9CE46 /* PBXContainerItemProxy */ = {
			isa = PBXContainerItemProxy;
			containerPortal = 865D3FCE1D2CF1A800A9CE46 /* Project object */;
			proxyType = 1;
			remoteGlobalIDString = 865D3FD51D2CF1A800A9CE46;
			remoteInfo = Waterflow;
		};
/* End PBXContainerItemProxy section */

/* Begin PBXFileReference section */
		7DCED8D52CF4ED7EC42715B0 /* libPods-Waterflow.a */ = {isa = PBXFileReference; explicitFileType = archive.ar; includeInIndex = 0; path = "libPods-Waterflow.a"; sourceTree = BUILT_PRODUCTS_DIR; };
		8625CEF7BBC72EFDAA69ECE0 /* Pods-Waterflow.debug.xcconfig */ = {isa = PBXFileReference; includeInIndex = 1; lastKnownFileType = text.xcconfig; name = "Pods-Waterflow.debug.xcconfig"; path = "Pods/Target Support Files/Pods-Waterflow/Pods-Waterflow.debug.xcconfig"; sourceTree = "<group>"; };
		865D3FDA1D2CF1A800A9CE46 /* main.m */ = {isa = PBXFileReference; lastKnownFileType = sourcecode.c.objc; path = main.m; sourceTree = "<group>"; };
		865D3FE51D2CF1A800A9CE46 /* Assets.xcassets */ = {isa = PBXFileReference; lastKnownFileType = folder.assetcatalog; path = Assets.xcassets; sourceTree = "<group>"; };
		865D3FE81D2CF1A800A9CE46 /* Base */ = {isa = PBXFileReference; lastKnownFileType = file.storyboard; name = Base; path = Base.lproj/LaunchScreen.storyboard; sourceTree = "<group>"; };
		865D3FEA1D2CF1A800A9CE46 /* Info.plist */ = {isa = PBXFileReference; lastKnownFileType = text.plist.xml; path = Info.plist; sourceTree = "<group>"; };
		865D40B21D2CF2E300A9CE46 /* Main.storyboard */ = {isa = PBXFileReference; fileEncoding = 4; lastKnownFileType = file.storyboard; path = Main.storyboard; sourceTree = "<group>"; };
		865D40B31D2CF2E300A9CE46 /* QIQAppDelegate.h */ = {isa = PBXFileReference; fileEncoding = 4; lastKnownFileType = sourcecode.c.h; path = QIQAppDelegate.h; sourceTree = "<group>"; };
		865D40B41D2CF2E300A9CE46 /* QIQAppDelegate.m */ = {isa = PBXFileReference; fileEncoding = 4; lastKnownFileType = sourcecode.c.objc; path = QIQAppDelegate.m; sourceTree = "<group>"; };
		865D40B51D2CF2E300A9CE46 /* QIQShopsViewController.h */ = {isa = PBXFileReference; fileEncoding = 4; lastKnownFileType = sourcecode.c.h; path = QIQShopsViewController.h; sourceTree = "<group>"; };
		865D40B61D2CF2E300A9CE46 /* QIQShopsViewController.m */ = {isa = PBXFileReference; fileEncoding = 4; lastKnownFileType = sourcecode.c.objc; path = QIQShopsViewController.m; sourceTree = "<group>"; };
		865D40BA1D2CF3F700A9CE46 /* 1.plist */ = {isa = PBXFileReference; fileEncoding = 4; lastKnownFileType = text.plist.xml; path = 1.plist; sourceTree = "<group>"; };
		865D40BB1D2CF3F700A9CE46 /* 2.plist */ = {isa = PBXFileReference; fileEncoding = 4; lastKnownFileType = text.plist.xml; path = 2.plist; sourceTree = "<group>"; };
		865D40BC1D2CF3F700A9CE46 /* 3.plist */ = {isa = PBXFileReference; fileEncoding = 4; lastKnownFileType = text.plist.xml; path = 3.plist; sourceTree = "<group>"; };
		865D40C01D2CF4E800A9CE46 /* QIQShop.h */ = {isa = PBXFileReference; fileEncoding = 4; lastKnownFileType = sourcecode.c.h; path = QIQShop.h; sourceTree = "<group>"; };
		865D40C11D2CF4E800A9CE46 /* QIQShop.m */ = {isa = PBXFileReference; fileEncoding = 4; lastKnownFileType = sourcecode.c.objc; path = QIQShop.m; sourceTree = "<group>"; };
		865D40C31D2CF56400A9CE46 /* QIQShopCell.h */ = {isa = PBXFileReference; fileEncoding = 4; lastKnownFileType = sourcecode.c.h; path = QIQShopCell.h; sourceTree = "<group>"; };
		865D40C41D2CF56400A9CE46 /* QIQShopCell.m */ = {isa = PBXFileReference; fileEncoding = 4; lastKnownFileType = sourcecode.c.objc; path = QIQShopCell.m; sourceTree = "<group>"; };
		86792A831D2D41EF007955F5 /* README.md */ = {isa = PBXFileReference; fileEncoding = 4; lastKnownFileType = net.daringfireball.markdown; path = README.md; sourceTree = "<group>"; };
		86792A8F1D2D577A007955F5 /* QIQWaterflowView.h */ = {isa = PBXFileReference; fileEncoding = 4; lastKnownFileType = sourcecode.c.h; path = QIQWaterflowView.h; sourceTree = "<group>"; };
		86792A901D2D577A007955F5 /* QIQWaterflowView.m */ = {isa = PBXFileReference; fileEncoding = 4; lastKnownFileType = sourcecode.c.objc; path = QIQWaterflowView.m; sourceTree = "<group>"; };
		86792A911D2D577A007955F5 /* QIQWaterflowViewCell.h */ = {isa = PBXFileReference; fileEncoding = 4; lastKnownFileType = sourcecode.c.h; path = QIQWaterflowViewCell.h; sourceTree = "<group>"; };
		86792A921D2D577A007955F5 /* QIQWaterflowViewCell.m */ = {isa = PBXFileReference; fileEncoding = 4; lastKnownFileType = sourcecode.c.objc; path = QIQWaterflowViewCell.m; sourceTree = "<group>"; };
		86C8CCAD1D2D5690002B1A06 /* Waterflow.app */ = {isa = PBXFileReference; explicitFileType = wrapper.application; includeInIndex = 0; name = Waterflow.app; path = "/Users/qianqi/Desktop/MyDemo/QIQWaterflow/build/Debug-iphoneos/Waterflow.app"; sourceTree = "<absolute>"; };
		86C8CCAE1D2D5690002B1A06 /* WaterflowTests.xctest */ = {isa = PBXFileReference; explicitFileType = wrapper.cfbundle; includeInIndex = 0; name = WaterflowTests.xctest; path = "/Users/qianqi/Desktop/MyDemo/QIQWaterflow/build/Debug-iphoneos/WaterflowTests.xctest"; sourceTree = "<absolute>"; };
		86C8CCAF1D2D5690002B1A06 /* WaterflowUITests.xctest */ = {isa = PBXFileReference; explicitFileType = wrapper.cfbundle; includeInIndex = 0; name = WaterflowUITests.xctest; path = "/Users/qianqi/Desktop/MyDemo/QIQWaterflow/build/Debug-iphoneos/WaterflowUITests.xctest"; sourceTree = "<absolute>"; };
		8FDE819C4AB7CFEDF898813A /* Pods-Waterflow.release.xcconfig */ = {isa = PBXFileReference; includeInIndex = 1; lastKnownFileType = text.xcconfig; name = "Pods-Waterflow.release.xcconfig"; path = "Pods/Target Support Files/Pods-Waterflow/Pods-Waterflow.release.xcconfig"; sourceTree = "<group>"; };
/* End PBXFileReference section */

/* Begin PBXFrameworksBuildPhase section */
		865D3FD31D2CF1A800A9CE46 /* Frameworks */ = {
			isa = PBXFrameworksBuildPhase;
			buildActionMask = 2147483647;
			files = (
				35EAA03F88A698E7C42E3F1F /* libPods-Waterflow.a in Frameworks */,
			);
			runOnlyForDeploymentPostprocessing = 0;
		};
		865D3FEC1D2CF1A800A9CE46 /* Frameworks */ = {
			isa = PBXFrameworksBuildPhase;
			buildActionMask = 2147483647;
			files = (
			);
			runOnlyForDeploymentPostprocessing = 0;
		};
		865D3FF71D2CF1A800A9CE46 /* Frameworks */ = {
			isa = PBXFrameworksBuildPhase;
			buildActionMask = 2147483647;
			files = (
			);
			runOnlyForDeploymentPostprocessing = 0;
		};
/* End PBXFrameworksBuildPhase section */

/* Begin PBXGroup section */
		192742644A3936A2B743319E /* Pods */ = {
			isa = PBXGroup;
			children = (
				8625CEF7BBC72EFDAA69ECE0 /* Pods-Waterflow.debug.xcconfig */,
				8FDE819C4AB7CFEDF898813A /* Pods-Waterflow.release.xcconfig */,
			);
			name = Pods;
			sourceTree = "<group>";
		};
		58470C54FF9FAD399658FA61 /* Frameworks */ = {
			isa = PBXGroup;
			children = (
				7DCED8D52CF4ED7EC42715B0 /* libPods-Waterflow.a */,
			);
			name = Frameworks;
			sourceTree = "<group>";
		};
		865D3FCD1D2CF1A800A9CE46 = {
			isa = PBXGroup;
			children = (
				86792A831D2D41EF007955F5 /* README.md */,
				865D3FD81D2CF1A800A9CE46 /* Waterflow */,
				192742644A3936A2B743319E /* Pods */,
				58470C54FF9FAD399658FA61 /* Frameworks */,
			);
			sourceTree = "<group>";
		};
		865D3FD81D2CF1A800A9CE46 /* Waterflow */ = {
			isa = PBXGroup;
			children = (
				86792A8E1D2D577A007955F5 /* QIQWaterflow */,
				865D40B11D2CF2AC00A9CE46 /* Other */,
				865D3FD91D2CF1A800A9CE46 /* Supporting Files */,
			);
			path = Waterflow;
			sourceTree = "<group>";
		};
		865D3FD91D2CF1A800A9CE46 /* Supporting Files */ = {
			isa = PBXGroup;
			children = (
				865D40BA1D2CF3F700A9CE46 /* 1.plist */,
				865D40BB1D2CF3F700A9CE46 /* 2.plist */,
				865D40BC1D2CF3F700A9CE46 /* 3.plist */,
				865D3FE51D2CF1A800A9CE46 /* Assets.xcassets */,
				865D3FE71D2CF1A800A9CE46 /* LaunchScreen.storyboard */,
				865D3FEA1D2CF1A800A9CE46 /* Info.plist */,
				865D3FDA1D2CF1A800A9CE46 /* main.m */,
			);
			name = "Supporting Files";
			sourceTree = "<group>";
		};
		865D40B11D2CF2AC00A9CE46 /* Other */ = {
			isa = PBXGroup;
			children = (
				865D40B21D2CF2E300A9CE46 /* Main.storyboard */,
				865D40B31D2CF2E300A9CE46 /* QIQAppDelegate.h */,
				865D40B41D2CF2E300A9CE46 /* QIQAppDelegate.m */,
				865D40B51D2CF2E300A9CE46 /* QIQShopsViewController.h */,
				865D40B61D2CF2E300A9CE46 /* QIQShopsViewController.m */,
				865D40C01D2CF4E800A9CE46 /* QIQShop.h */,
				865D40C11D2CF4E800A9CE46 /* QIQShop.m */,
				865D40C31D2CF56400A9CE46 /* QIQShopCell.h */,
				865D40C41D2CF56400A9CE46 /* QIQShopCell.m */,
			);
			path = Other;
			sourceTree = "<group>";
		};
		86792A8E1D2D577A007955F5 /* QIQWaterflow */ = {
			isa = PBXGroup;
			children = (
				86792A8F1D2D577A007955F5 /* QIQWaterflowView.h */,
				86792A901D2D577A007955F5 /* QIQWaterflowView.m */,
				86792A911D2D577A007955F5 /* QIQWaterflowViewCell.h */,
				86792A921D2D577A007955F5 /* QIQWaterflowViewCell.m */,
			);
			path = QIQWaterflow;
			sourceTree = "<group>";
		};
/* End PBXGroup section */

/* Begin PBXNativeTarget section */
		865D3FD51D2CF1A800A9CE46 /* Waterflow */ = {
			isa = PBXNativeTarget;
			buildConfigurationList = 865D40031D2CF1A800A9CE46 /* Build configuration list for PBXNativeTarget "Waterflow" */;
			buildPhases = (
				57296D4EF6FFB04A582BD089 /* [CP] Check Pods Manifest.lock */,
				865D3FD21D2CF1A800A9CE46 /* Sources */,
				865D3FD31D2CF1A800A9CE46 /* Frameworks */,
				865D3FD41D2CF1A800A9CE46 /* Resources */,
				C82D86B4532F13E91B8C3B8A /* [CP] Embed Pods Frameworks */,
				E6C5D5180D09E460572C1E58 /* [CP] Copy Pods Resources */,
			);
			buildRules = (
			);
			dependencies = (
			);
			name = Waterflow;
			productName = Waterflow;
			productReference = 86C8CCAD1D2D5690002B1A06 /* Waterflow.app */;
			productType = "com.apple.product-type.application";
		};
		865D3FEE1D2CF1A800A9CE46 /* WaterflowTests */ = {
			isa = PBXNativeTarget;
			buildConfigurationList = 865D40061D2CF1A800A9CE46 /* Build configuration list for PBXNativeTarget "WaterflowTests" */;
			buildPhases = (
				865D3FEB1D2CF1A800A9CE46 /* Sources */,
				865D3FEC1D2CF1A800A9CE46 /* Frameworks */,
				865D3FED1D2CF1A800A9CE46 /* Resources */,
			);
			buildRules = (
			);
			dependencies = (
				865D3FF11D2CF1A800A9CE46 /* PBXTargetDependency */,
			);
			name = WaterflowTests;
			productName = WaterflowTests;
			productReference = 86C8CCAE1D2D5690002B1A06 /* WaterflowTests.xctest */;
			productType = "com.apple.product-type.bundle.unit-test";
		};
		865D3FF91D2CF1A800A9CE46 /* WaterflowUITests */ = {
			isa = PBXNativeTarget;
			buildConfigurationList = 865D40091D2CF1A800A9CE46 /* Build configuration list for PBXNativeTarget "WaterflowUITests" */;
			buildPhases = (
				865D3FF61D2CF1A800A9CE46 /* Sources */,
				865D3FF71D2CF1A800A9CE46 /* Frameworks */,
				865D3FF81D2CF1A800A9CE46 /* Resources */,
			);
			buildRules = (
			);
			dependencies = (
				865D3FFC1D2CF1A800A9CE46 /* PBXTargetDependency */,
			);
			name = WaterflowUITests;
			productName = WaterflowUITests;
			productReference = 86C8CCAF1D2D5690002B1A06 /* WaterflowUITests.xctest */;
			productType = "com.apple.product-type.bundle.ui-testing";
		};
/* End PBXNativeTarget section */

/* Begin PBXProject section */
		865D3FCE1D2CF1A800A9CE46 /* Project object */ = {
			isa = PBXProject;
			attributes = {
				LastUpgradeCheck = 0730;
				ORGANIZATIONNAME = QiQ;
				TargetAttributes = {
					865D3FD51D2CF1A800A9CE46 = {
						CreatedOnToolsVersion = 7.3.1;
						DevelopmentTeam = 872S4MJE6C;
					};
					865D3FEE1D2CF1A800A9CE46 = {
						CreatedOnToolsVersion = 7.3.1;
						TestTargetID = 865D3FD51D2CF1A800A9CE46;
					};
					865D3FF91D2CF1A800A9CE46 = {
						CreatedOnToolsVersion = 7.3.1;
						TestTargetID = 865D3FD51D2CF1A800A9CE46;
					};
				};
			};
			buildConfigurationList = 865D3FD11D2CF1A800A9CE46 /* Build configuration list for PBXProject "Waterflow" */;
			compatibilityVersion = "Xcode 3.2";
			developmentRegion = English;
			hasScannedForEncodings = 0;
			knownRegions = (
				en,
				Base,
			);
			mainGroup = 865D3FCD1D2CF1A800A9CE46;
			productRefGroup = 865D3FCD1D2CF1A800A9CE46;
			projectDirPath = "";
			projectRoot = "";
			targets = (
				865D3FD51D2CF1A800A9CE46 /* Waterflow */,
				865D3FEE1D2CF1A800A9CE46 /* WaterflowTests */,
				865D3FF91D2CF1A800A9CE46 /* WaterflowUITests */,
			);
		};
/* End PBXProject section */

/* Begin PBXResourcesBuildPhase section */
		865D3FD41D2CF1A800A9CE46 /* Resources */ = {
			isa = PBXResourcesBuildPhase;
			buildActionMask = 2147483647;
			files = (
				865D40BD1D2CF3F700A9CE46 /* 1.plist in Resources */,
				865D3FE91D2CF1A800A9CE46 /* LaunchScreen.storyboard in Resources */,
				865D3FE61D2CF1A800A9CE46 /* Assets.xcassets in Resources */,
				865D40BE1D2CF3F700A9CE46 /* 2.plist in Resources */,
				865D40B71D2CF2E300A9CE46 /* Main.storyboard in Resources */,
				865D40BF1D2CF3F700A9CE46 /* 3.plist in Resources */,
			);
			runOnlyForDeploymentPostprocessing = 0;
		};
		865D3FED1D2CF1A800A9CE46 /* Resources */ = {
			isa = PBXResourcesBuildPhase;
			buildActionMask = 2147483647;
			files = (
			);
			runOnlyForDeploymentPostprocessing = 0;
		};
		865D3FF81D2CF1A800A9CE46 /* Resources */ = {
			isa = PBXResourcesBuildPhase;
			buildActionMask = 2147483647;
			files = (
			);
			runOnlyForDeploymentPostprocessing = 0;
		};
/* End PBXResourcesBuildPhase section */

/* Begin PBXShellScriptBuildPhase section */
		57296D4EF6FFB04A582BD089 /* [CP] Check Pods Manifest.lock */ = {
			isa = PBXShellScriptBuildPhase;
			buildActionMask = 2147483647;
			files = (
			);
			inputPaths = (
			);
			name = "[CP] Check Pods Manifest.lock";
			outputPaths = (
			);
			runOnlyForDeploymentPostprocessing = 0;
			shellPath = /bin/sh;
			shellScript = "diff \"${PODS_ROOT}/../Podfile.lock\" \"${PODS_ROOT}/Manifest.lock\" > /dev/null\nif [[ $? != 0 ]] ; then\n    cat << EOM\nerror: The sandbox is not in sync with the Podfile.lock. Run 'pod install' or update your CocoaPods installation.\nEOM\n    exit 1\nfi\n";
			showEnvVarsInLog = 0;
		};
		C82D86B4532F13E91B8C3B8A /* [CP] Embed Pods Frameworks */ = {
			isa = PBXShellScriptBuildPhase;
			buildActionMask = 2147483647;
			files = (
			);
			inputPaths = (
			);
			name = "[CP] Embed Pods Frameworks";
			outputPaths = (
			);
			runOnlyForDeploymentPostprocessing = 0;
			shellPath = /bin/sh;
			shellScript = "\"${SRCROOT}/Pods/Target Support Files/Pods-Waterflow/Pods-Waterflow-frameworks.sh\"\n";
			showEnvVarsInLog = 0;
		};
		E6C5D5180D09E460572C1E58 /* [CP] Copy Pods Resources */ = {
			isa = PBXShellScriptBuildPhase;
			buildActionMask = 2147483647;
			files = (
			);
			inputPaths = (
			);
			name = "[CP] Copy Pods Resources";
			outputPaths = (
			);
			runOnlyForDeploymentPostprocessing = 0;
			shellPath = /bin/sh;
			shellScript = "\"${SRCROOT}/Pods/Target Support Files/Pods-Waterflow/Pods-Waterflow-resources.sh\"\n";
			showEnvVarsInLog = 0;
		};
/* End PBXShellScriptBuildPhase section */

/* Begin PBXSourcesBuildPhase section */
		865D3FD21D2CF1A800A9CE46 /* Sources */ = {
			isa = PBXSourcesBuildPhase;
			buildActionMask = 2147483647;
			files = (
				865D40B91D2CF2E300A9CE46 /* QIQShopsViewController.m in Sources */,
				865D3FDB1D2CF1A800A9CE46 /* main.m in Sources */,
				86792A941D2D577A007955F5 /* QIQWaterflowViewCell.m in Sources */,
				86792A841D2D41EF007955F5 /* README.md in Sources */,
				865D40B81D2CF2E300A9CE46 /* QIQAppDelegate.m in Sources */,
				865D40C51D2CF56400A9CE46 /* QIQShopCell.m in Sources */,
				86792A931D2D577A007955F5 /* QIQWaterflowView.m in Sources */,
				865D40C21D2CF4E800A9CE46 /* QIQShop.m in Sources */,
			);
			runOnlyForDeploymentPostprocessing = 0;
		};
		865D3FEB1D2CF1A800A9CE46 /* Sources */ = {
			isa = PBXSourcesBuildPhase;
			buildActionMask = 2147483647;
			files = (
			);
			runOnlyForDeploymentPostprocessing = 0;
		};
		865D3FF61D2CF1A800A9CE46 /* Sources */ = {
			isa = PBXSourcesBuildPhase;
			buildActionMask = 2147483647;
			files = (
			);
			runOnlyForDeploymentPostprocessing = 0;
		};
/* End PBXSourcesBuildPhase section */

/* Begin PBXTargetDependency section */
		865D3FF11D2CF1A800A9CE46 /* PBXTargetDependency */ = {
			isa = PBXTargetDependency;
			target = 865D3FD51D2CF1A800A9CE46 /* Waterflow */;
			targetProxy = 865D3FF01D2CF1A800A9CE46 /* PBXContainerItemProxy */;
		};
		865D3FFC1D2CF1A800A9CE46 /* PBXTargetDependency */ = {
			isa = PBXTargetDependency;
			target = 865D3FD51D2CF1A800A9CE46 /* Waterflow */;
			targetProxy = 865D3FFB1D2CF1A800A9CE46 /* PBXContainerItemProxy */;
		};
/* End PBXTargetDependency section */

/* Begin PBXVariantGroup section */
		865D3FE71D2CF1A800A9CE46 /* LaunchScreen.storyboard */ = {
			isa = PBXVariantGroup;
			children = (
				865D3FE81D2CF1A800A9CE46 /* Base */,
			);
			name = LaunchScreen.storyboard;
			sourceTree = "<group>";
		};
/* End PBXVariantGroup section */

/* Begin XCBuildConfiguration section */
		865D40011D2CF1A800A9CE46 /* Debug */ = {
			isa = XCBuildConfiguration;
			buildSettings = {
				ALWAYS_SEARCH_USER_PATHS = NO;
				CLANG_ANALYZER_NONNULL = YES;
				CLANG_CXX_LANGUAGE_STANDARD = "gnu++0x";
				CLANG_CXX_LIBRARY = "libc++";
				CLANG_ENABLE_MODULES = YES;
				CLANG_ENABLE_OBJC_ARC = YES;
				CLANG_WARN_BOOL_CONVERSION = YES;
				CLANG_WARN_CONSTANT_CONVERSION = YES;
				CLANG_WARN_DIRECT_OBJC_ISA_USAGE = YES_ERROR;
				CLANG_WARN_EMPTY_BODY = YES;
				CLANG_WARN_ENUM_CONVERSION = YES;
				CLANG_WARN_INT_CONVERSION = YES;
				CLANG_WARN_OBJC_ROOT_CLASS = YES_ERROR;
				CLANG_WARN_UNREACHABLE_CODE = YES;
				CLANG_WARN__DUPLICATE_METHOD_MATCH = YES;
				"CODE_SIGN_IDENTITY[sdk=iphoneos*]" = "iPhone Developer";
				COPY_PHASE_STRIP = NO;
				DEBUG_INFORMATION_FORMAT = dwarf;
				ENABLE_STRICT_OBJC_MSGSEND = YES;
				ENABLE_TESTABILITY = YES;
				GCC_C_LANGUAGE_STANDARD = gnu99;
				GCC_DYNAMIC_NO_PIC = NO;
				GCC_NO_COMMON_BLOCKS = YES;
				GCC_OPTIMIZATION_LEVEL = 0;
				GCC_PREPROCESSOR_DEFINITIONS = (
					"DEBUG=1",
					"$(inherited)",
				);
				GCC_WARN_64_TO_32_BIT_CONVERSION = YES;
				GCC_WARN_ABOUT_RETURN_TYPE = YES_ERROR;
				GCC_WARN_UNDECLARED_SELECTOR = YES;
				GCC_WARN_UNINITIALIZED_AUTOS = YES_AGGRESSIVE;
				GCC_WARN_UNUSED_FUNCTION = YES;
				GCC_WARN_UNUSED_VARIABLE = YES;
				IPHONEOS_DEPLOYMENT_TARGET = 9.3;
				MTL_ENABLE_DEBUG_INFO = YES;
				ONLY_ACTIVE_ARCH = YES;
				SDKROOT = iphoneos;
			};
			name = Debug;
		};
		865D40021D2CF1A800A9CE46 /* Release */ = {
			isa = XCBuildConfiguration;
			buildSettings = {
				ALWAYS_SEARCH_USER_PATHS = NO;
				CLANG_ANALYZER_NONNULL = YES;
				CLANG_CXX_LANGUAGE_STANDARD = "gnu++0x";
				CLANG_CXX_LIBRARY = "libc++";
				CLANG_ENABLE_MODULES = YES;
				CLANG_ENABLE_OBJC_ARC = YES;
				CLANG_WARN_BOOL_CONVERSION = YES;
				CLANG_WARN_CONSTANT_CONVERSION = YES;
				CLANG_WARN_DIRECT_OBJC_ISA_USAGE = YES_ERROR;
				CLANG_WARN_EMPTY_BODY = YES;
				CLANG_WARN_ENUM_CONVERSION = YES;
				CLANG_WARN_INT_CONVERSION = YES;
				CLANG_WARN_OBJC_ROOT_CLASS = YES_ERROR;
				CLANG_WARN_UNREACHABLE_CODE = YES;
				CLANG_WARN__DUPLICATE_METHOD_MATCH = YES;
				"CODE_SIGN_IDENTITY[sdk=iphoneos*]" = "iPhone Developer";
				COPY_PHASE_STRIP = NO;
				DEBUG_INFORMATION_FORMAT = "dwarf-with-dsym";
				ENABLE_NS_ASSERTIONS = NO;
				ENABLE_STRICT_OBJC_MSGSEND = YES;
				GCC_C_LANGUAGE_STANDARD = gnu99;
				GCC_NO_COMMON_BLOCKS = YES;
				GCC_WARN_64_TO_32_BIT_CONVERSION = YES;
				GCC_WARN_ABOUT_RETURN_TYPE = YES_ERROR;
				GCC_WARN_UNDECLARED_SELECTOR = YES;
				GCC_WARN_UNINITIALIZED_AUTOS = YES_AGGRESSIVE;
				GCC_WARN_UNUSED_FUNCTION = YES;
				GCC_WARN_UNUSED_VARIABLE = YES;
				IPHONEOS_DEPLOYMENT_TARGET = 9.3;
				MTL_ENABLE_DEBUG_INFO = NO;
				SDKROOT = iphoneos;
				VALIDATE_PRODUCT = YES;
			};
			name = Release;
		};
		865D40041D2CF1A800A9CE46 /* Debug */ = {
			isa = XCBuildConfiguration;
			baseConfigurationReference = 8625CEF7BBC72EFDAA69ECE0 /* Pods-Waterflow.debug.xcconfig */;
			buildSettings = {
				ASSETCATALOG_COMPILER_APPICON_NAME = AppIcon;
				CODE_SIGN_IDENTITY = "iPhone Developer";
				"CODE_SIGN_IDENTITY[sdk=iphoneos*]" = "iPhone Developer";
				INFOPLIST_FILE = Waterflow/Info.plist;
				LD_RUNPATH_SEARCH_PATHS = "$(inherited) @executable_path/Frameworks";
				PRODUCT_BUNDLE_IDENTIFIER = com.qiq.Waterflow;
				PRODUCT_NAME = "$(TARGET_NAME)";
				PROVISIONING_PROFILE = "";
			};
			name = Debug;
		};
		865D40051D2CF1A800A9CE46 /* Release */ = {
			isa = XCBuildConfiguration;
			baseConfigurationReference = 8FDE819C4AB7CFEDF898813A /* Pods-Waterflow.release.xcconfig */;
			buildSettings = {
				ASSETCATALOG_COMPILER_APPICON_NAME = AppIcon;
				CODE_SIGN_IDENTITY = "iPhone Developer";
				"CODE_SIGN_IDENTITY[sdk=iphoneos*]" = "iPhone Developer";
				INFOPLIST_FILE = Waterflow/Info.plist;
				LD_RUNPATH_SEARCH_PATHS = "$(inherited) @executable_path/Frameworks";
				PRODUCT_BUNDLE_IDENTIFIER = com.qiq.Waterflow;
				PRODUCT_NAME = "$(TARGET_NAME)";
				PROVISIONING_PROFILE = "";
			};
			name = Release;
		};
		865D40071D2CF1A800A9CE46 /* Debug */ = {
			isa = XCBuildConfiguration;
			buildSettings = {
				BUNDLE_LOADER = "$(TEST_HOST)";
				INFOPLIST_FILE = WaterflowTests/Info.plist;
				LD_RUNPATH_SEARCH_PATHS = "$(inherited) @executable_path/Frameworks @loader_path/Frameworks";
				PRODUCT_BUNDLE_IDENTIFIER = com.qiq.WaterflowTests;
				PRODUCT_NAME = "$(TARGET_NAME)";
				TEST_HOST = "$(BUILT_PRODUCTS_DIR)/Waterflow.app/Waterflow";
			};
			name = Debug;
		};
		865D40081D2CF1A800A9CE46 /* Release */ = {
			isa = XCBuildConfiguration;
			buildSettings = {
				BUNDLE_LOADER = "$(TEST_HOST)";
				INFOPLIST_FILE = WaterflowTests/Info.plist;
				LD_RUNPATH_SEARCH_PATHS = "$(inherited) @executable_path/Frameworks @loader_path/Frameworks";
				PRODUCT_BUNDLE_IDENTIFIER = com.qiq.WaterflowTests;
				PRODUCT_NAME = "$(TARGET_NAME)";
				TEST_HOST = "$(BUILT_PRODUCTS_DIR)/Waterflow.app/Waterflow";
			};
			name = Release;
		};
		865D400A1D2CF1A800A9CE46 /* Debug */ = {
			isa = XCBuildConfiguration;
			buildSettings = {
				INFOPLIST_FILE = WaterflowUITests/Info.plist;
				LD_RUNPATH_SEARCH_PATHS = "$(inherited) @executable_path/Frameworks @loader_path/Frameworks";
				PRODUCT_BUNDLE_IDENTIFIER = com.qiq.WaterflowUITests;
				PRODUCT_NAME = "$(TARGET_NAME)";
				TEST_TARGET_NAME = Waterflow;
			};
			name = Debug;
		};
		865D400B1D2CF1A800A9CE46 /* Release */ = {
			isa = XCBuildConfiguration;
			buildSettings = {
				INFOPLIST_FILE = WaterflowUITests/Info.plist;
				LD_RUNPATH_SEARCH_PATHS = "$(inherited) @executable_path/Frameworks @loader_path/Frameworks";
				PRODUCT_BUNDLE_IDENTIFIER = com.qiq.WaterflowUITests;
				PRODUCT_NAME = "$(TARGET_NAME)";
				TEST_TARGET_NAME = Waterflow;
			};
			name = Release;
		};
/* End XCBuildConfiguration section */

/* Begin XCConfigurationList section */
		865D3FD11D2CF1A800A9CE46 /* Build configuration list for PBXProject "Waterflow" */ = {
			isa = XCConfigurationList;
			buildConfigurations = (
				865D40011D2CF1A800A9CE46 /* Debug */,
				865D40021D2CF1A800A9CE46 /* Release */,
			);
			defaultConfigurationIsVisible = 0;
			defaultConfigurationName = Release;
		};
		865D40031D2CF1A800A9CE46 /* Build configuration list for PBXNativeTarget "Waterflow" */ = {
			isa = XCConfigurationList;
			buildConfigurations = (
				865D40041D2CF1A800A9CE46 /* Debug */,
				865D40051D2CF1A800A9CE46 /* Release */,
			);
			defaultConfigurationIsVisible = 0;
			defaultConfigurationName = Release;
		};
		865D40061D2CF1A800A9CE46 /* Build configuration list for PBXNativeTarget "WaterflowTests" */ = {
			isa = XCConfigurationList;
			buildConfigurations = (
				865D40071D2CF1A800A9CE46 /* Debug */,
				865D40081D2CF1A800A9CE46 /* Release */,
			);
			defaultConfigurationIsVisible = 0;
			defaultConfigurationName = Release;
		};
		865D40091D2CF1A800A9CE46 /* Build configuration list for PBXNativeTarget "WaterflowUITests" */ = {
			isa = XCConfigurationList;
			buildConfigurations = (
				865D400A1D2CF1A800A9CE46 /* Debug */,
				865D400B1D2CF1A800A9CE46 /* Release */,
			);
			defaultConfigurationIsVisible = 0;
			defaultConfigurationName = Release;
		};
/* End XCConfigurationList section */
	};
	rootObject = 865D3FCE1D2CF1A800A9CE46 /* Project object */;
}
